
Microsoft Visual Studio Solution File, Format Version 12.00
# Visual Studio Version 16
VisualStudioVersion = 16.0.29306.81
MinimumVisualStudioVersion = 10.0.40219.1
Project("{FAE04EC0-301F-11D3-BF4B-00C04F79EFBC}") = "TrainScanner", "TrainScanner\TrainScanner.csproj", "{8CF0A60B-F7FD-43E4-9CA2-F23EEA8A9C33}"
EndProject
Project("{54435603-DBB4-11D2-8724-00A0C9A8B90C}") = "Setup", "Setup\Setup.vdproj", "{40E57CAA-1A59-45D2-B3D8-4B258F1AC87E}"
EndProject
Global
	GlobalSection(SolutionConfigurationPlatforms) = preSolution
		Debug|Any CPU = Debug|Any CPU
		Release|Any CPU = Release|Any CPU
	EndGlobalSection
	GlobalSection(ProjectConfigurationPlatforms) = postSolution
		{8CF0A60B-F7FD-43E4-9CA2-F23EEA8A9C33}.Debug|Any CPU.ActiveCfg = Debug|Any CPU
		{8CF0A60B-F7FD-43E4-9CA2-F23EEA8A9C33}.Debug|Any CPU.Build.0 = Debug|Any CPU
		{8CF0A60B-F7FD-43E4-9CA2-F23EEA8A9C33}.Release|Any CPU.ActiveCfg = Release|Any CPU
		{8CF0A60B-F7FD-43E4-9CA2-F23EEA8A9C33}.Release|Any CPU.Build.0 = Release|Any CPU
		{40E57CAA-1A59-45D2-B3D8-4B258F1AC87E}.Debug|Any CPU.ActiveCfg = Debug
		{40E57CAA-1A59-45D2-B3D8-4B258F1AC87E}.Release|Any CPU.ActiveCfg = Release
	EndGlobalSection
	GlobalSection(SolutionProperties) = preSolution
		HideSolutionNode = FALSE
	EndGlobalSection
	GlobalSection(ExtensibilityGlobals) = postSolution
		SolutionGuid = {89C74659-F541-4769-85F4-14767D652E43}
	EndGlobalSection
EndGlobal
